// !$*UTF8*$!
{
	archiveVersion = 1;
	classes = {
	};
	objectVersion = 56;
	objects = {

/* Begin PBXBuildFile section */
		B45B5BAC2C05EFFB00B80339 /* MockJsons.swift in Sources */ = {isa = PBXBuildFile; fileRef = B45B5BAB2C05EFFB00B80339 /* MockJsons.swift */; };
		B45B5BAE2C05F33B00B80339 /* mock0.json in Resources */ = {isa = PBXBuildFile; fileRef = B45B5BAD2C05F33B00B80339 /* mock0.json */; };
		B45B5BB22C05F6C000B80339 /* WeatherApi.swift in Sources */ = {isa = PBXBuildFile; fileRef = B45B5BB12C05F6C000B80339 /* WeatherApi.swift */; };
		B45B5BB62C05F7A400B80339 /* OneCallResponse.swift in Sources */ = {isa = PBXBuildFile; fileRef = B45B5BB52C05F7A400B80339 /* OneCallResponse.swift */; };
		B45B5BB82C05F84600B80339 /* Fetcher.swift in Sources */ = {isa = PBXBuildFile; fileRef = B45B5BB72C05F84600B80339 /* Fetcher.swift */; };
		B4BABA3F2C03CB7200CCC336 /* Constants.swift in Sources */ = {isa = PBXBuildFile; fileRef = B4BABA3E2C03CB7200CCC336 /* Constants.swift */; };
		B4BABA432C03CDB300CCC336 /* KeyConstant.swift in Sources */ = {isa = PBXBuildFile; fileRef = B4BABA422C03CDB300CCC336 /* KeyConstant.swift */; };
		B4CD4EF02C07736F00034F41 /* mock2.json in Resources */ = {isa = PBXBuildFile; fileRef = B4CD4EEF2C07736F00034F41 /* mock2.json */; };
		B4CD4EF22C077A1800034F41 /* mock3.json in Resources */ = {isa = PBXBuildFile; fileRef = B4CD4EF12C077A1800034F41 /* mock3.json */; };
		B4CD4EF42C07C74300034F41 /* mock4.json in Resources */ = {isa = PBXBuildFile; fileRef = B4CD4EF32C07C74300034F41 /* mock4.json */; };
		B4E05DCE2C0390BA00121D3F /* DomsWeatherApp.swift in Sources */ = {isa = PBXBuildFile; fileRef = B4E05DCD2C0390BA00121D3F /* DomsWeatherApp.swift */; };
		B4E05DD02C0390BA00121D3F /* RootView.swift in Sources */ = {isa = PBXBuildFile; fileRef = B4E05DCF2C0390BA00121D3F /* RootView.swift */; };
		B4E05DD22C0390BB00121D3F /* Assets.xcassets in Resources */ = {isa = PBXBuildFile; fileRef = B4E05DD12C0390BB00121D3F /* Assets.xcassets */; };
		B4E05DD52C0390BB00121D3F /* Preview Assets.xcassets in Resources */ = {isa = PBXBuildFile; fileRef = B4E05DD42C0390BB00121D3F /* Preview Assets.xcassets */; };
		B4E05DDA2C0390BB00121D3F /* DomsWeatherApp.xcdatamodeld in Sources */ = {isa = PBXBuildFile; fileRef = B4E05DD82C0390BB00121D3F /* DomsWeatherApp.xcdatamodeld */; };
		B4E05DE52C039DF600121D3F /* DevTools in Frameworks */ = {isa = PBXBuildFile; productRef = B4E05DE42C039DF600121D3F /* DevTools */; };
		B4E05DEB2C03A4B700121D3F /* DevTools in Frameworks */ = {isa = PBXBuildFile; productRef = B4E05DEA2C03A4B700121D3F /* DevTools */; };
		B4E05DF42C03A5B600121D3F /* DevTools in Frameworks */ = {isa = PBXBuildFile; productRef = B4E05DF32C03A5B600121D3F /* DevTools */; };
		B4E05DF72C03A74700121D3F /* DevTools in Frameworks */ = {isa = PBXBuildFile; productRef = B4E05DF62C03A74700121D3F /* DevTools */; };
		B4E05DFD2C03A89A00121D3F /* DevTools in Frameworks */ = {isa = PBXBuildFile; productRef = B4E05DFC2C03A89A00121D3F /* DevTools */; };
		B4E05E012C03ACEF00121D3F /* DevTools in Frameworks */ = {isa = PBXBuildFile; productRef = B4E05E002C03ACEF00121D3F /* DevTools */; };
		B4E6826A2C06007A005B907C /* mock1.json in Resources */ = {isa = PBXBuildFile; fileRef = B4E682692C06007A005B907C /* mock1.json */; };
		B4F522A32C08AB7100A22F99 /* mock5.json in Resources */ = {isa = PBXBuildFile; fileRef = B4F522A22C08AB7100A22F99 /* mock5.json */; };
		B4F522A62C08B46D00A22F99 /* CachedAsyncImage in Frameworks */ = {isa = PBXBuildFile; productRef = B4F522A52C08B46D00A22F99 /* CachedAsyncImage */; };
		B4F522A92C08B5A800A22F99 /* URLCache.swift in Sources */ = {isa = PBXBuildFile; fileRef = B4F522A82C08B5A800A22F99 /* URLCache.swift */; };
/* End PBXBuildFile section */

/* Begin PBXFileReference section */
		B45B5BAB2C05EFFB00B80339 /* MockJsons.swift */ = {isa = PBXFileReference; lastKnownFileType = sourcecode.swift; path = MockJsons.swift; sourceTree = "<group>"; };
		B45B5BAD2C05F33B00B80339 /* mock0.json */ = {isa = PBXFileReference; lastKnownFileType = text.json; path = mock0.json; sourceTree = "<group>"; };
		B45B5BB12C05F6C000B80339 /* WeatherApi.swift */ = {isa = PBXFileReference; lastKnownFileType = sourcecode.swift; path = WeatherApi.swift; sourceTree = "<group>"; };
		B45B5BB52C05F7A400B80339 /* OneCallResponse.swift */ = {isa = PBXFileReference; lastKnownFileType = sourcecode.swift; path = OneCallResponse.swift; sourceTree = "<group>"; };
		B45B5BB72C05F84600B80339 /* Fetcher.swift */ = {isa = PBXFileReference; lastKnownFileType = sourcecode.swift; path = Fetcher.swift; sourceTree = "<group>"; };
		B4BABA3E2C03CB7200CCC336 /* Constants.swift */ = {isa = PBXFileReference; lastKnownFileType = sourcecode.swift; path = Constants.swift; sourceTree = "<group>"; };
		B4BABA422C03CDB300CCC336 /* KeyConstant.swift */ = {isa = PBXFileReference; lastKnownFileType = sourcecode.swift; path = KeyConstant.swift; sourceTree = "<group>"; };
		B4CD4EEF2C07736F00034F41 /* mock2.json */ = {isa = PBXFileReference; lastKnownFileType = text.json; path = mock2.json; sourceTree = "<group>"; };
		B4CD4EF12C077A1800034F41 /* mock3.json */ = {isa = PBXFileReference; lastKnownFileType = text.json; path = mock3.json; sourceTree = "<group>"; };
		B4CD4EF32C07C74300034F41 /* mock4.json */ = {isa = PBXFileReference; lastKnownFileType = text.json; path = mock4.json; sourceTree = "<group>"; };
		B4E05DCA2C0390BA00121D3F /* DomsWeatherApp.app */ = {isa = PBXFileReference; explicitFileType = wrapper.application; includeInIndex = 0; path = DomsWeatherApp.app; sourceTree = BUILT_PRODUCTS_DIR; };
		B4E05DCD2C0390BA00121D3F /* DomsWeatherApp.swift */ = {isa = PBXFileReference; lastKnownFileType = sourcecode.swift; path = DomsWeatherApp.swift; sourceTree = "<group>"; };
		B4E05DCF2C0390BA00121D3F /* RootView.swift */ = {isa = PBXFileReference; lastKnownFileType = sourcecode.swift; path = RootView.swift; sourceTree = "<group>"; };
		B4E05DD12C0390BB00121D3F /* Assets.xcassets */ = {isa = PBXFileReference; lastKnownFileType = folder.assetcatalog; path = Assets.xcassets; sourceTree = "<group>"; };
		B4E05DD42C0390BB00121D3F /* Preview Assets.xcassets */ = {isa = PBXFileReference; lastKnownFileType = folder.assetcatalog; path = "Preview Assets.xcassets"; sourceTree = "<group>"; };
		B4E05DD92C0390BB00121D3F /* DomsWeatherApp.xcdatamodel */ = {isa = PBXFileReference; lastKnownFileType = wrapper.xcdatamodel; path = DomsWeatherApp.xcdatamodel; sourceTree = "<group>"; };
		B4E682692C06007A005B907C /* mock1.json */ = {isa = PBXFileReference; lastKnownFileType = text.json; path = mock1.json; sourceTree = "<group>"; };
		B4F522A22C08AB7100A22F99 /* mock5.json */ = {isa = PBXFileReference; lastKnownFileType = text.json; path = mock5.json; sourceTree = "<group>"; };
		B4F522A82C08B5A800A22F99 /* URLCache.swift */ = {isa = PBXFileReference; lastKnownFileType = sourcecode.swift; path = URLCache.swift; sourceTree = "<group>"; };
/* End PBXFileReference section */

/* Begin PBXFrameworksBuildPhase section */
		B4E05DC72C0390BA00121D3F /* Frameworks */ = {
			isa = PBXFrameworksBuildPhase;
			buildActionMask = 2147483647;
			files = (
				B4E05DFD2C03A89A00121D3F /* DevTools in Frameworks */,
				B4E05DF72C03A74700121D3F /* DevTools in Frameworks */,
				B4E05DEB2C03A4B700121D3F /* DevTools in Frameworks */,
				B4E05DF42C03A5B600121D3F /* DevTools in Frameworks */,
				B4F522A62C08B46D00A22F99 /* CachedAsyncImage in Frameworks */,
				B4E05E012C03ACEF00121D3F /* DevTools in Frameworks */,
				B4E05DE52C039DF600121D3F /* DevTools in Frameworks */,
			);
			runOnlyForDeploymentPostprocessing = 0;
		};
/* End PBXFrameworksBuildPhase section */

/* Begin PBXGroup section */
		B45B5BAF2C05F6A800B80339 /* Network */ = {
			isa = PBXGroup;
			children = (
				B45B5BB02C05F6B000B80339 /* Mockdata */,
				B45B5BB12C05F6C000B80339 /* WeatherApi.swift */,
				B45B5BB72C05F84600B80339 /* Fetcher.swift */,
			);
			path = Network;
			sourceTree = "<group>";
		};
		B45B5BB02C05F6B000B80339 /* Mockdata */ = {
			isa = PBXGroup;
			children = (
				B45B5BAB2C05EFFB00B80339 /* MockJsons.swift */,
				B45B5BAD2C05F33B00B80339 /* mock0.json */,
				B4E682692C06007A005B907C /* mock1.json */,
				B4CD4EEF2C07736F00034F41 /* mock2.json */,
				B4CD4EF12C077A1800034F41 /* mock3.json */,
				B4CD4EF32C07C74300034F41 /* mock4.json */,
				B4F522A22C08AB7100A22F99 /* mock5.json */,
			);
			path = Mockdata;
			sourceTree = "<group>";
		};
		B45B5BB32C05F74300B80339 /* Views */ = {
			isa = PBXGroup;
			children = (
				B4E05DCF2C0390BA00121D3F /* RootView.swift */,
			);
			path = Views;
			sourceTree = "<group>";
		};
		B45B5BB42C05F79800B80339 /* Model */ = {
			isa = PBXGroup;
			children = (
				B45B5BB52C05F7A400B80339 /* OneCallResponse.swift */,
			);
			path = Model;
			sourceTree = "<group>";
		};
		B4E05DC12C0390BA00121D3F = {
			isa = PBXGroup;
			children = (
				B4E05DCC2C0390BA00121D3F /* DomsWeatherApp */,
				B4E05DCB2C0390BA00121D3F /* Products */,
			);
			sourceTree = "<group>";
		};
		B4E05DCB2C0390BA00121D3F /* Products */ = {
			isa = PBXGroup;
			children = (
				B4E05DCA2C0390BA00121D3F /* DomsWeatherApp.app */,
			);
			name = Products;
			sourceTree = "<group>";
		};
		B4E05DCC2C0390BA00121D3F /* DomsWeatherApp */ = {
			isa = PBXGroup;
			children = (
				B4F522A72C08B59F00A22F99 /* Extensions */,
				B45B5BB42C05F79800B80339 /* Model */,
				B45B5BB32C05F74300B80339 /* Views */,
				B45B5BAF2C05F6A800B80339 /* Network */,
				B4E05DCD2C0390BA00121D3F /* DomsWeatherApp.swift */,
				B4E05DD12C0390BB00121D3F /* Assets.xcassets */,
				B4E05DD82C0390BB00121D3F /* DomsWeatherApp.xcdatamodeld */,
				B4E05DD32C0390BB00121D3F /* Preview Content */,
				B4BABA3E2C03CB7200CCC336 /* Constants.swift */,
				B4BABA422C03CDB300CCC336 /* KeyConstant.swift */,
			);
			path = DomsWeatherApp;
			sourceTree = "<group>";
		};
		B4E05DD32C0390BB00121D3F /* Preview Content */ = {
			isa = PBXGroup;
			children = (
				B4E05DD42C0390BB00121D3F /* Preview Assets.xcassets */,
			);
			path = "Preview Content";
			sourceTree = "<group>";
		};
		B4F522A72C08B59F00A22F99 /* Extensions */ = {
			isa = PBXGroup;
			children = (
				B4F522A82C08B5A800A22F99 /* URLCache.swift */,
			);
			path = Extensions;
			sourceTree = "<group>";
		};
/* End PBXGroup section */

/* Begin PBXNativeTarget section */
		B4E05DC92C0390BA00121D3F /* DomsWeatherApp */ = {
			isa = PBXNativeTarget;
			buildConfigurationList = B4E05DDD2C0390BB00121D3F /* Build configuration list for PBXNativeTarget "DomsWeatherApp" */;
			buildPhases = (
				B4E05DC62C0390BA00121D3F /* Sources */,
				B4E05DC72C0390BA00121D3F /* Frameworks */,
				B4E05DC82C0390BA00121D3F /* Resources */,
			);
			buildRules = (
			);
			dependencies = (
				B4E05E032C03ACF800121D3F /* PBXTargetDependency */,
			);
			name = DomsWeatherApp;
			packageProductDependencies = (
				B4E05DE42C039DF600121D3F /* DevTools */,
				B4E05DEA2C03A4B700121D3F /* DevTools */,
				B4E05DF32C03A5B600121D3F /* DevTools */,
				B4E05DF62C03A74700121D3F /* DevTools */,
				B4E05DFC2C03A89A00121D3F /* DevTools */,
				B4E05E002C03ACEF00121D3F /* DevTools */,
				B4F522A52C08B46D00A22F99 /* CachedAsyncImage */,
			);
			productName = DomsWeatherApp;
			productReference = B4E05DCA2C0390BA00121D3F /* DomsWeatherApp.app */;
			productType = "com.apple.product-type.application";
		};
/* End PBXNativeTarget section */

/* Begin PBXProject section */
		B4E05DC22C0390BA00121D3F /* Project object */ = {
			isa = PBXProject;
			attributes = {
				BuildIndependentTargetsInParallel = 1;
				LastSwiftUpdateCheck = 1540;
				LastUpgradeCheck = 1540;
				TargetAttributes = {
					B4E05DC92C0390BA00121D3F = {
						CreatedOnToolsVersion = 15.4;
					};
				};
			};
			buildConfigurationList = B4E05DC52C0390BA00121D3F /* Build configuration list for PBXProject "DomsWeatherApp" */;
			compatibilityVersion = "Xcode 14.0";
			developmentRegion = en;
			hasScannedForEncodings = 0;
			knownRegions = (
				en,
				Base,
			);
			mainGroup = B4E05DC12C0390BA00121D3F;
			packageReferences = (
				B4E05DFE2C03ACDB00121D3F /* XCRemoteSwiftPackageReference "SwiftLint" */,
				B4E05DFF2C03ACEF00121D3F /* XCRemoteSwiftPackageReference "SwiftDevTools" */,
				B4F522A42C08B46D00A22F99 /* XCRemoteSwiftPackageReference "swiftui-cached-async-image" */,
			);
			productRefGroup = B4E05DCB2C0390BA00121D3F /* Products */;
			projectDirPath = "";
			projectRoot = "";
			targets = (
				B4E05DC92C0390BA00121D3F /* DomsWeatherApp */,
			);
		};
/* End PBXProject section */

/* Begin PBXResourcesBuildPhase section */
		B4E05DC82C0390BA00121D3F /* Resources */ = {
			isa = PBXResourcesBuildPhase;
			buildActionMask = 2147483647;
			files = (
				B4E05DD52C0390BB00121D3F /* Preview Assets.xcassets in Resources */,
				B4F522A32C08AB7100A22F99 /* mock5.json in Resources */,
				B4CD4EF22C077A1800034F41 /* mock3.json in Resources */,
				B4E6826A2C06007A005B907C /* mock1.json in Resources */,
				B4CD4EF02C07736F00034F41 /* mock2.json in Resources */,
				B4E05DD22C0390BB00121D3F /* Assets.xcassets in Resources */,
				B45B5BAE2C05F33B00B80339 /* mock0.json in Resources */,
				B4CD4EF42C07C74300034F41 /* mock4.json in Resources */,
			);
			runOnlyForDeploymentPostprocessing = 0;
		};
/* End PBXResourcesBuildPhase section */

/* Begin PBXSourcesBuildPhase section */
		B4E05DC62C0390BA00121D3F /* Sources */ = {
			isa = PBXSourcesBuildPhase;
			buildActionMask = 2147483647;
			files = (
				B4F522A92C08B5A800A22F99 /* URLCache.swift in Sources */,
				B4E05DD02C0390BA00121D3F /* RootView.swift in Sources */,
				B4BABA432C03CDB300CCC336 /* KeyConstant.swift in Sources */,
				B4E05DCE2C0390BA00121D3F /* DomsWeatherApp.swift in Sources */,
				B45B5BAC2C05EFFB00B80339 /* MockJsons.swift in Sources */,
				B4E05DDA2C0390BB00121D3F /* DomsWeatherApp.xcdatamodeld in Sources */,
				B45B5BB62C05F7A400B80339 /* OneCallResponse.swift in Sources */,
				B45B5BB22C05F6C000B80339 /* WeatherApi.swift in Sources */,
				B4BABA3F2C03CB7200CCC336 /* Constants.swift in Sources */,
				B45B5BB82C05F84600B80339 /* Fetcher.swift in Sources */,
			);
			runOnlyForDeploymentPostprocessing = 0;
		};
/* End PBXSourcesBuildPhase section */

/* Begin PBXTargetDependency section */
		B4E05E032C03ACF800121D3F /* PBXTargetDependency */ = {
			isa = PBXTargetDependency;
			productRef = B4E05E022C03ACF800121D3F /* SwiftLintBuildToolPlugin */;
		};
/* End PBXTargetDependency section */

/* Begin XCBuildConfiguration section */
		B4E05DDB2C0390BB00121D3F /* Debug */ = {
			isa = XCBuildConfiguration;
			buildSettings = {
				ALWAYS_SEARCH_USER_PATHS = NO;
				ASSETCATALOG_COMPILER_GENERATE_SWIFT_ASSET_SYMBOL_EXTENSIONS = YES;
				CLANG_ANALYZER_NONNULL = YES;
				CLANG_ANALYZER_NUMBER_OBJECT_CONVERSION = YES_AGGRESSIVE;
				CLANG_CXX_LANGUAGE_STANDARD = "gnu++20";
				CLANG_ENABLE_MODULES = YES;
				CLANG_ENABLE_OBJC_ARC = YES;
				CLANG_ENABLE_OBJC_WEAK = YES;
				CLANG_WARN_BLOCK_CAPTURE_AUTORELEASING = YES;
				CLANG_WARN_BOOL_CONVERSION = YES;
				CLANG_WARN_COMMA = YES;
				CLANG_WARN_CONSTANT_CONVERSION = YES;
				CLANG_WARN_DEPRECATED_OBJC_IMPLEMENTATIONS = YES;
				CLANG_WARN_DIRECT_OBJC_ISA_USAGE = YES_ERROR;
				CLANG_WARN_DOCUMENTATION_COMMENTS = YES;
				CLANG_WARN_EMPTY_BODY = YES;
				CLANG_WARN_ENUM_CONVERSION = YES;
				CLANG_WARN_INFINITE_RECURSION = YES;
				CLANG_WARN_INT_CONVERSION = YES;
				CLANG_WARN_NON_LITERAL_NULL_CONVERSION = YES;
				CLANG_WARN_OBJC_IMPLICIT_RETAIN_SELF = YES;
				CLANG_WARN_OBJC_LITERAL_CONVERSION = YES;
				CLANG_WARN_OBJC_ROOT_CLASS = YES_ERROR;
				CLANG_WARN_QUOTED_INCLUDE_IN_FRAMEWORK_HEADER = YES;
				CLANG_WARN_RANGE_LOOP_ANALYSIS = YES;
				CLANG_WARN_STRICT_PROTOTYPES = YES;
				CLANG_WARN_SUSPICIOUS_MOVE = YES;
				CLANG_WARN_UNGUARDED_AVAILABILITY = YES_AGGRESSIVE;
				CLANG_WARN_UNREACHABLE_CODE = YES;
				CLANG_WARN__DUPLICATE_METHOD_MATCH = YES;
				COPY_PHASE_STRIP = NO;
				DEBUG_INFORMATION_FORMAT = dwarf;
				ENABLE_STRICT_OBJC_MSGSEND = YES;
				ENABLE_TESTABILITY = YES;
				ENABLE_USER_SCRIPT_SANDBOXING = YES;
				GCC_C_LANGUAGE_STANDARD = gnu17;
				GCC_DYNAMIC_NO_PIC = NO;
				GCC_NO_COMMON_BLOCKS = YES;
				GCC_OPTIMIZATION_LEVEL = 0;
				GCC_PREPROCESSOR_DEFINITIONS = (
					"DEBUG=1",
					"$(inherited)",
				);
				GCC_WARN_64_TO_32_BIT_CONVERSION = YES;
				GCC_WARN_ABOUT_RETURN_TYPE = YES_ERROR;
				GCC_WARN_UNDECLARED_SELECTOR = YES;
				GCC_WARN_UNINITIALIZED_AUTOS = YES_AGGRESSIVE;
				GCC_WARN_UNUSED_FUNCTION = YES;
				GCC_WARN_UNUSED_VARIABLE = YES;
				IPHONEOS_DEPLOYMENT_TARGET = 17.5;
				LOCALIZATION_PREFERS_STRING_CATALOGS = YES;
				MTL_ENABLE_DEBUG_INFO = INCLUDE_SOURCE;
				MTL_FAST_MATH = YES;
				ONLY_ACTIVE_ARCH = YES;
				SDKROOT = iphoneos;
				SWIFT_ACTIVE_COMPILATION_CONDITIONS = "DEBUG $(inherited)";
				SWIFT_OPTIMIZATION_LEVEL = "-Onone";
			};
			name = Debug;
		};
		B4E05DDC2C0390BB00121D3F /* Release */ = {
			isa = XCBuildConfiguration;
			buildSettings = {
				ALWAYS_SEARCH_USER_PATHS = NO;
				ASSETCATALOG_COMPILER_GENERATE_SWIFT_ASSET_SYMBOL_EXTENSIONS = YES;
				CLANG_ANALYZER_NONNULL = YES;
				CLANG_ANALYZER_NUMBER_OBJECT_CONVERSION = YES_AGGRESSIVE;
				CLANG_CXX_LANGUAGE_STANDARD = "gnu++20";
				CLANG_ENABLE_MODULES = YES;
				CLANG_ENABLE_OBJC_ARC = YES;
				CLANG_ENABLE_OBJC_WEAK = YES;
				CLANG_WARN_BLOCK_CAPTURE_AUTORELEASING = YES;
				CLANG_WARN_BOOL_CONVERSION = YES;
				CLANG_WARN_COMMA = YES;
				CLANG_WARN_CONSTANT_CONVERSION = YES;
				CLANG_WARN_DEPRECATED_OBJC_IMPLEMENTATIONS = YES;
				CLANG_WARN_DIRECT_OBJC_ISA_USAGE = YES_ERROR;
				CLANG_WARN_DOCUMENTATION_COMMENTS = YES;
				CLANG_WARN_EMPTY_BODY = YES;
				CLANG_WARN_ENUM_CONVERSION = YES;
				CLANG_WARN_INFINITE_RECURSION = YES;
				CLANG_WARN_INT_CONVERSION = YES;
				CLANG_WARN_NON_LITERAL_NULL_CONVERSION = YES;
				CLANG_WARN_OBJC_IMPLICIT_RETAIN_SELF = YES;
				CLANG_WARN_OBJC_LITERAL_CONVERSION = YES;
				CLANG_WARN_OBJC_ROOT_CLASS = YES_ERROR;
				CLANG_WARN_QUOTED_INCLUDE_IN_FRAMEWORK_HEADER = YES;
				CLANG_WARN_RANGE_LOOP_ANALYSIS = YES;
				CLANG_WARN_STRICT_PROTOTYPES = YES;
				CLANG_WARN_SUSPICIOUS_MOVE = YES;
				CLANG_WARN_UNGUARDED_AVAILABILITY = YES_AGGRESSIVE;
				CLANG_WARN_UNREACHABLE_CODE = YES;
				CLANG_WARN__DUPLICATE_METHOD_MATCH = YES;
				COPY_PHASE_STRIP = NO;
				DEBUG_INFORMATION_FORMAT = "dwarf-with-dsym";
				ENABLE_NS_ASSERTIONS = NO;
				ENABLE_STRICT_OBJC_MSGSEND = YES;
				ENABLE_USER_SCRIPT_SANDBOXING = YES;
				GCC_C_LANGUAGE_STANDARD = gnu17;
				GCC_NO_COMMON_BLOCKS = YES;
				GCC_WARN_64_TO_32_BIT_CONVERSION = YES;
				GCC_WARN_ABOUT_RETURN_TYPE = YES_ERROR;
				GCC_WARN_UNDECLARED_SELECTOR = YES;
				GCC_WARN_UNINITIALIZED_AUTOS = YES_AGGRESSIVE;
				GCC_WARN_UNUSED_FUNCTION = YES;
				GCC_WARN_UNUSED_VARIABLE = YES;
				IPHONEOS_DEPLOYMENT_TARGET = 17.5;
				LOCALIZATION_PREFERS_STRING_CATALOGS = YES;
				MTL_ENABLE_DEBUG_INFO = NO;
				MTL_FAST_MATH = YES;
				SDKROOT = iphoneos;
				SWIFT_COMPILATION_MODE = wholemodule;
				VALIDATE_PRODUCT = YES;
			};
			name = Release;
		};
		B4E05DDE2C0390BB00121D3F /* Debug */ = {
			isa = XCBuildConfiguration;
			buildSettings = {
				ASSETCATALOG_COMPILER_APPICON_NAME = AppIcon;
				ASSETCATALOG_COMPILER_GLOBAL_ACCENT_COLOR_NAME = AccentColor;
				CODE_SIGN_STYLE = Automatic;
				CURRENT_PROJECT_VERSION = 1;
				DEVELOPMENT_ASSET_PATHS = "\"DomsWeatherApp/Preview Content\"";
				DEVELOPMENT_TEAM = 8HM2FV529D;
				ENABLE_PREVIEWS = YES;
				GENERATE_INFOPLIST_FILE = YES;
				INFOPLIST_KEY_UIApplicationSceneManifest_Generation = YES;
				INFOPLIST_KEY_UIApplicationSupportsIndirectInputEvents = YES;
				INFOPLIST_KEY_UILaunchScreen_Generation = YES;
				INFOPLIST_KEY_UISupportedInterfaceOrientations_iPad = "UIInterfaceOrientationPortrait UIInterfaceOrientationPortraitUpsideDown UIInterfaceOrientationLandscapeLeft UIInterfaceOrientationLandscapeRight";
				INFOPLIST_KEY_UISupportedInterfaceOrientations_iPhone = "UIInterfaceOrientationPortrait UIInterfaceOrientationLandscapeLeft UIInterfaceOrientationLandscapeRight";
				LD_RUNPATH_SEARCH_PATHS = (
					"$(inherited)",
					"@executable_path/Frameworks",
				);
				MARKETING_VERSION = 1.0;
				PRODUCT_BUNDLE_IDENTIFIER = de.liehrit.DomsWeatherApp;
				PRODUCT_NAME = "$(TARGET_NAME)";
				SWIFT_EMIT_LOC_STRINGS = YES;
				SWIFT_VERSION = 5.0;
				TARGETED_DEVICE_FAMILY = "1,2";
			};
			name = Debug;
		};
		B4E05DDF2C0390BB00121D3F /* Release */ = {
			isa = XCBuildConfiguration;
			buildSettings = {
				ASSETCATALOG_COMPILER_APPICON_NAME = AppIcon;
				ASSETCATALOG_COMPILER_GLOBAL_ACCENT_COLOR_NAME = AccentColor;
				CODE_SIGN_STYLE = Automatic;
				CURRENT_PROJECT_VERSION = 1;
				DEVELOPMENT_ASSET_PATHS = "\"DomsWeatherApp/Preview Content\"";
				DEVELOPMENT_TEAM = 8HM2FV529D;
				ENABLE_PREVIEWS = YES;
				GENERATE_INFOPLIST_FILE = YES;
				INFOPLIST_KEY_UIApplicationSceneManifest_Generation = YES;
				INFOPLIST_KEY_UIApplicationSupportsIndirectInputEvents = YES;
				INFOPLIST_KEY_UILaunchScreen_Generation = YES;
				INFOPLIST_KEY_UISupportedInterfaceOrientations_iPad = "UIInterfaceOrientationPortrait UIInterfaceOrientationPortraitUpsideDown UIInterfaceOrientationLandscapeLeft UIInterfaceOrientationLandscapeRight";
				INFOPLIST_KEY_UISupportedInterfaceOrientations_iPhone = "UIInterfaceOrientationPortrait UIInterfaceOrientationLandscapeLeft UIInterfaceOrientationLandscapeRight";
				LD_RUNPATH_SEARCH_PATHS = (
					"$(inherited)",
					"@executable_path/Frameworks",
				);
				MARKETING_VERSION = 1.0;
				PRODUCT_BUNDLE_IDENTIFIER = de.liehrit.DomsWeatherApp;
				PRODUCT_NAME = "$(TARGET_NAME)";
				SWIFT_EMIT_LOC_STRINGS = YES;
				SWIFT_VERSION = 5.0;
				TARGETED_DEVICE_FAMILY = "1,2";
			};
			name = Release;
		};
/* End XCBuildConfiguration section */

/* Begin XCConfigurationList section */
		B4E05DC52C0390BA00121D3F /* Build configuration list for PBXProject "DomsWeatherApp" */ = {
			isa = XCConfigurationList;
			buildConfigurations = (
				B4E05DDB2C0390BB00121D3F /* Debug */,
				B4E05DDC2C0390BB00121D3F /* Release */,
			);
			defaultConfigurationIsVisible = 0;
			defaultConfigurationName = Release;
		};
		B4E05DDD2C0390BB00121D3F /* Build configuration list for PBXNativeTarget "DomsWeatherApp" */ = {
			isa = XCConfigurationList;
			buildConfigurations = (
				B4E05DDE2C0390BB00121D3F /* Debug */,
				B4E05DDF2C0390BB00121D3F /* Release */,
			);
			defaultConfigurationIsVisible = 0;
			defaultConfigurationName = Release;
		};
/* End XCConfigurationList section */

/* Begin XCRemoteSwiftPackageReference section */
		B4E05DFE2C03ACDB00121D3F /* XCRemoteSwiftPackageReference "SwiftLint" */ = {
			isa = XCRemoteSwiftPackageReference;
			repositoryURL = "https://github.com/realm/SwiftLint";
			requirement = {
				kind = upToNextMajorVersion;
				minimumVersion = 0.55.1;
			};
		};
		B4E05DFF2C03ACEF00121D3F /* XCRemoteSwiftPackageReference "SwiftDevTools" */ = {
			isa = XCRemoteSwiftPackageReference;
			repositoryURL = "https://github.com/deliehr/SwiftDevTools";
			requirement = {
				kind = upToNextMajorVersion;
				minimumVersion = 1.0.5;
			};
		};
		B4F522A42C08B46D00A22F99 /* XCRemoteSwiftPackageReference "swiftui-cached-async-image" */ = {
			isa = XCRemoteSwiftPackageReference;
			repositoryURL = "https://github.com/lorenzofiamingo/swiftui-cached-async-image";
			requirement = {
				kind = upToNextMinorVersion;
				minimumVersion = 2.1.1;
			};
		};
/* End XCRemoteSwiftPackageReference section */

/* Begin XCSwiftPackageProductDependency section */
		B4E05DE42C039DF600121D3F /* DevTools */ = {
			isa = XCSwiftPackageProductDependency;
			productName = DevTools;
		};
		B4E05DEA2C03A4B700121D3F /* DevTools */ = {
			isa = XCSwiftPackageProductDependency;
			productName = DevTools;
		};
		B4E05DF32C03A5B600121D3F /* DevTools */ = {
			isa = XCSwiftPackageProductDependency;
			productName = DevTools;
		};
		B4E05DF62C03A74700121D3F /* DevTools */ = {
			isa = XCSwiftPackageProductDependency;
			productName = DevTools;
		};
		B4E05DFC2C03A89A00121D3F /* DevTools */ = {
			isa = XCSwiftPackageProductDependency;
			productName = DevTools;
		};
		B4E05E002C03ACEF00121D3F /* DevTools */ = {
			isa = XCSwiftPackageProductDependency;
			package = B4E05DFF2C03ACEF00121D3F /* XCRemoteSwiftPackageReference "SwiftDevTools" */;
			productName = DevTools;
		};
		B4E05E022C03ACF800121D3F /* SwiftLintBuildToolPlugin */ = {
			isa = XCSwiftPackageProductDependency;
			package = B4E05DFE2C03ACDB00121D3F /* XCRemoteSwiftPackageReference "SwiftLint" */;
			productName = "plugin:SwiftLintBuildToolPlugin";
		};
		B4F522A52C08B46D00A22F99 /* CachedAsyncImage */ = {
			isa = XCSwiftPackageProductDependency;
			package = B4F522A42C08B46D00A22F99 /* XCRemoteSwiftPackageReference "swiftui-cached-async-image" */;
			productName = CachedAsyncImage;
		};
/* End XCSwiftPackageProductDependency section */

/* Begin XCVersionGroup section */
		B4E05DD82C0390BB00121D3F /* DomsWeatherApp.xcdatamodeld */ = {
			isa = XCVersionGroup;
			children = (
				B4E05DD92C0390BB00121D3F /* DomsWeatherApp.xcdatamodel */,
			);
			currentVersion = B4E05DD92C0390BB00121D3F /* DomsWeatherApp.xcdatamodel */;
			path = DomsWeatherApp.xcdatamodeld;
			sourceTree = "<group>";
			versionGroupType = wrapper.xcdatamodel;
		};
/* End XCVersionGroup section */
	};
	rootObject = B4E05DC22C0390BA00121D3F /* Project object */;
}
